PODS:
  - Flutter (1.0.0)
  - flutter_native_splash (2.4.3):
    - Flutter
  - shared_preferences_foundation (0.0.1):
    - Flutter
    - FlutterMacOS
  - Stripe (25.6.4):
    - StripeApplePay (= 25.6.4)
    - StripeCore (= 25.6.4)
    - StripeIssuing (= 25.6.4)
    - StripePayments (= 25.6.4)
    - StripePaymentsUI (= 25.6.4)
    - StripeUICore (= 25.6.4)
  - stripe_ios (0.0.1):
    - Flutter
    - Stripe (~> 25.6.0)
    - stripe_ios/stripe_ios (= 0.0.1)
    - stripe_ios/stripe_objc (= 0.0.1)
    - StripeApplePay (~> 25.6.0)
    - StripeFinancialConnections (~> 25.6.0)
    - StripePayments (~> 25.6.0)
    - StripePaymentSheet (~> 25.6.0)
    - StripePaymentsUI (~> 25.6.0)
  - stripe_ios/stripe_ios (0.0.1):
    - Flutter
    - Stripe (~> 25.6.0)
    - stripe_ios/stripe_objc
    - StripeApplePay (~> 25.6.0)
    - StripeFinancialConnections (~> 25.6.0)
    - StripePayments (~> 25.6.0)
    - StripePaymentSheet (~> 25.6.0)
    - StripePaymentsUI (~> 25.6.0)
  - stripe_ios/stripe_objc (0.0.1):
    - Flutter
    - Stripe (~> 25.6.0)
    - StripeApplePay (~> 25.6.0)
    - StripeFinancialConnections (~> 25.6.0)
    - StripePayments (~> 25.6.0)
    - StripePaymentSheet (~> 25.6.0)
    - StripePaymentsUI (~> 25.6.0)
  - StripeApplePay (25.6.4):
    - StripeCore (= 25.6.4)
  - StripeCore (25.6.4)
  - StripeFinancialConnections (25.6.4):
    - StripeCore (= 25.6.4)
    - StripeUICore (= 25.6.4)
  - StripeIssuing (25.6.4):
    - StripeCore (= 25.6.4)
    - StripePayments (= 25.6.4)
    - StripePaymentsUI (= 25.6.4)
  - StripePayments (25.6.4):
    - StripeCore (= 25.6.4)
    - StripePayments/Stripe3DS2 (= 25.6.4)
  - StripePayments/Stripe3DS2 (25.6.4):
    - StripeCore (= 25.6.4)
  - StripePaymentSheet (25.6.4):
    - StripeApplePay (= 25.6.4)
    - StripeCore (= 25.6.4)
    - StripePayments (= 25.6.4)
    - StripePaymentsUI (= 25.6.4)
  - StripePaymentsUI (25.6.4):
    - StripeCore (= 25.6.4)
    - StripePayments (= 25.6.4)
    - StripeUICore (= 25.6.4)
  - StripeUICore (25.6.4):
    - StripeCore (= 25.6.4)
  - url_launcher_ios (0.0.1):
    - Flutter
  - webview_flutter_wkwebview (0.0.1):
    - Flutter
    - FlutterMacOS

DEPENDENCIES:
  - Flutter (from `Flutter`)
  - flutter_native_splash (from `.symlinks/plugins/flutter_native_splash/ios`)
  - shared_preferences_foundation (from `.symlinks/plugins/shared_preferences_foundation/darwin`)
  - stripe_ios (from `.symlinks/plugins/stripe_ios/ios`)
  - url_launcher_ios (from `.symlinks/plugins/url_launcher_ios/ios`)
  - webview_flutter_wkwebview (from `.symlinks/plugins/webview_flutter_wkwebview/darwin`)

SPEC REPOS:
  trunk:
    - Stripe
    - StripeApplePay
    - StripeCore
    - StripeFinancialConnections
    - StripeIssuing
    - StripePayments
    - StripePaymentSheet
    - StripePaymentsUI
    - StripeUICore

EXTERNAL SOURCES:
  Flutter:
    :path: Flutter
  flutter_native_splash:
    :path: ".symlinks/plugins/flutter_native_splash/ios"
  shared_preferences_foundation:
    :path: ".symlinks/plugins/shared_preferences_foundation/darwin"
  stripe_ios:
    :path: ".symlinks/plugins/stripe_ios/ios"
  url_launcher_ios:
    :path: ".symlinks/plugins/url_launcher_ios/ios"
  webview_flutter_wkwebview:
    :path: ".symlinks/plugins/webview_flutter_wkwebview/darwin"

SPEC CHECKSUMS:
  Flutter: cabc95a1d2626b1b06e7179b784ebcf0c0cde467
  flutter_native_splash: c32d145d68aeda5502d5f543ee38c192065986cf
  shared_preferences_foundation: 7036424c3d8ec98dfe75ff1667cb0cd531ec82bb
  Stripe: 7cb1009980324c6c16b6a4af5843b8ef54549065
  stripe_ios: eebee52319de946cc0da2d6ddc98a89b04cec95e
  StripeApplePay: 91000b0927f53c58a2a1f829a4ee246d508bd1c4
  StripeCore: f6ca805768a7807ec014c0523cd99a3d16d21d6b
  StripeFinancialConnections: 2cb9bc81468599d1b4b41178f49879a65c8ac52e
  StripeIssuing: 7ffde774af77d713aff204858fcf765eeb3677d3
  StripePayments: 4de3976a0d5f626cfc8ad4e010aff1cbda8dc1e5
  StripePaymentSheet: 29443db7e8635e2d3a00758f1ecebbb17a24ff19
  StripePaymentsUI: 37551e684263db449368ccac27438947e1b45f84
  StripeUICore: f1e43a68ab1e1428f8738df821eb64efac1d871a
  url_launcher_ios: 7a95fa5b60cc718a708b8f2966718e93db0cef1b
  webview_flutter_wkwebview: 8ebf4fded22593026f7dbff1fbff31ea98573c8d

PODFILE CHECKSUM: 25ff63e943d963832065e743c66bb858c266cb37

COCOAPODS: 1.16.2
